
Microsoft Visual Studio Solution File, Format Version 12.00
# Visual Studio Version 16
VisualStudioVersion = 16.0.31205.134
MinimumVisualStudioVersion = 10.0.40219.1
Project("{9A19103F-16F7-4668-BE54-9A1E7A4F7556}") = "OlifransShop.Database", "OlifransShop.Database\OlifransShop.Database.csproj", "{C7FB75E3-9FC9-40B7-A29A-EE527F049FC0}"
EndProject
Project("{9A19103F-16F7-4668-BE54-9A1E7A4F7556}") = "OlifransShop.Application", "OlifransShop.Application\OlifransShop.Application.csproj", "{788ABA49-A644-4DEB-9522-158D865EF467}"
EndProject
Project("{9A19103F-16F7-4668-BE54-9A1E7A4F7556}") = "OlifransShop.Domain", "OlifransShop.Domain\OlifransShop.Domain.csproj", "{1105E5E5-DD9B-4BDB-B97B-E292BB8C1447}"
EndProject
Project("{9A19103F-16F7-4668-BE54-9A1E7A4F7556}") = "OlifransShop.Web", "OlifransShop.Web\OlifransShop.Web.csproj", "{AA0C697D-ED33-4FED-A1F0-C12E121BCFC4}"
EndProject
Global
	GlobalSection(SolutionConfigurationPlatforms) = preSolution
		Debug|Any CPU = Debug|Any CPU
		Release|Any CPU = Release|Any CPU
	EndGlobalSection
	GlobalSection(ProjectConfigurationPlatforms) = postSolution
		{C7FB75E3-9FC9-40B7-A29A-EE527F049FC0}.Debug|Any CPU.ActiveCfg = Debug|Any CPU
		{C7FB75E3-9FC9-40B7-A29A-EE527F049FC0}.Debug|Any CPU.Build.0 = Debug|Any CPU
		{C7FB75E3-9FC9-40B7-A29A-EE527F049FC0}.Release|Any CPU.ActiveCfg = Release|Any CPU
		{C7FB75E3-9FC9-40B7-A29A-EE527F049FC0}.Release|Any CPU.Build.0 = Release|Any CPU
		{788ABA49-A644-4DEB-9522-158D865EF467}.Debug|Any CPU.ActiveCfg = Debug|Any CPU
		{788ABA49-A644-4DEB-9522-158D865EF467}.Debug|Any CPU.Build.0 = Debug|Any CPU
		{788ABA49-A644-4DEB-9522-158D865EF467}.Release|Any CPU.ActiveCfg = Release|Any CPU
		{788ABA49-A644-4DEB-9522-158D865EF467}.Release|Any CPU.Build.0 = Release|Any CPU
		{1105E5E5-DD9B-4BDB-B97B-E292BB8C1447}.Debug|Any CPU.ActiveCfg = Debug|Any CPU
		{1105E5E5-DD9B-4BDB-B97B-E292BB8C1447}.Debug|Any CPU.Build.0 = Debug|Any CPU
		{1105E5E5-DD9B-4BDB-B97B-E292BB8C1447}.Release|Any CPU.ActiveCfg = Release|Any CPU
		{1105E5E5-DD9B-4BDB-B97B-E292BB8C1447}.Release|Any CPU.Build.0 = Release|Any CPU
		{AA0C697D-ED33-4FED-A1F0-C12E121BCFC4}.Debug|Any CPU.ActiveCfg = Debug|Any CPU
		{AA0C697D-ED33-4FED-A1F0-C12E121BCFC4}.Debug|Any CPU.Build.0 = Debug|Any CPU
		{AA0C697D-ED33-4FED-A1F0-C12E121BCFC4}.Release|Any CPU.ActiveCfg = Release|Any CPU
		{AA0C697D-ED33-4FED-A1F0-C12E121BCFC4}.Release|Any CPU.Build.0 = Release|Any CPU
	EndGlobalSection
	GlobalSection(SolutionProperties) = preSolution
		HideSolutionNode = FALSE
	EndGlobalSection
	GlobalSection(ExtensibilityGlobals) = postSolution
		SolutionGuid = {8FAD9A02-66AB-4FEC-B45C-8D3BB853788F}
	EndGlobalSection
EndGlobal
